
Microsoft Visual Studio Solution File, Format Version 12.00
# Visual Studio Version 17
VisualStudioVersion = 17.0.31903.59
MinimumVisualStudioVersion = 10.0.40219.1
Project("{2150E333-8FDC-42A3-9474-1A3956D46DE8}") = "src", "src", "{69399D57-FD2A-4FD5-8FD8-051F83FB28B9}"
EndProject
Project("{FAE04EC0-301F-11D3-BF4B-00C04F79EFBC}") = "SpeechAgent.UI", "src\SpeechAgent.UI\SpeechAgent.UI.csproj", "{416E6EDB-D4EF-4D40-BB53-AD567E77D7B8}"
EndProject
Project("{FAE04EC0-301F-11D3-BF4B-00C04F79EFBC}") = "SpeechAgent.Core", "src\SpeechAgent.Core\SpeechAgent.Core.csproj", "{E6F8560F-B284-4733-84D7-F17A0EFC7BA9}"
EndProject
Project("{2150E333-8FDC-42A3-9474-1A3956D46DE8}") = "tests", "tests", "{310B516C-E483-41EF-9166-50BEFEB247DB}"
EndProject
Project("{FAE04EC0-301F-11D3-BF4B-00C04F79EFBC}") = "SpeechAgent.Core.Tests", "tests\SpeechAgent.Core.Tests\SpeechAgent.Core.Tests.csproj", "{43B8A4FE-EA45-4D04-8AE3-93DB6A1859DB}"
EndProject
Global
	GlobalSection(SolutionConfigurationPlatforms) = preSolution
		Debug|Any CPU = Debug|Any CPU
		Release|Any CPU = Release|Any CPU
	EndGlobalSection
	GlobalSection(SolutionProperties) = preSolution
		HideSolutionNode = FALSE
	EndGlobalSection
	GlobalSection(ProjectConfigurationPlatforms) = postSolution
		{416E6EDB-D4EF-4D40-BB53-AD567E77D7B8}.Debug|Any CPU.ActiveCfg = Debug|Any CPU
		{416E6EDB-D4EF-4D40-BB53-AD567E77D7B8}.Debug|Any CPU.Build.0 = Debug|Any CPU
		{416E6EDB-D4EF-4D40-BB53-AD567E77D7B8}.Release|Any CPU.ActiveCfg = Release|Any CPU
		{416E6EDB-D4EF-4D40-BB53-AD567E77D7B8}.Release|Any CPU.Build.0 = Release|Any CPU
		{E6F8560F-B284-4733-84D7-F17A0EFC7BA9}.Debug|Any CPU.ActiveCfg = Debug|Any CPU
		{E6F8560F-B284-4733-84D7-F17A0EFC7BA9}.Debug|Any CPU.Build.0 = Debug|Any CPU
		{E6F8560F-B284-4733-84D7-F17A0EFC7BA9}.Release|Any CPU.ActiveCfg = Release|Any CPU
		{E6F8560F-B284-4733-84D7-F17A0EFC7BA9}.Release|Any CPU.Build.0 = Release|Any CPU
		{43B8A4FE-EA45-4D04-8AE3-93DB6A1859DB}.Debug|Any CPU.ActiveCfg = Debug|Any CPU
		{43B8A4FE-EA45-4D04-8AE3-93DB6A1859DB}.Debug|Any CPU.Build.0 = Debug|Any CPU
		{43B8A4FE-EA45-4D04-8AE3-93DB6A1859DB}.Release|Any CPU.ActiveCfg = Release|Any CPU
		{43B8A4FE-EA45-4D04-8AE3-93DB6A1859DB}.Release|Any CPU.Build.0 = Release|Any CPU
	EndGlobalSection
	GlobalSection(NestedProjects) = preSolution
		{416E6EDB-D4EF-4D40-BB53-AD567E77D7B8} = {69399D57-FD2A-4FD5-8FD8-051F83FB28B9}
		{E6F8560F-B284-4733-84D7-F17A0EFC7BA9} = {69399D57-FD2A-4FD5-8FD8-051F83FB28B9}
		{43B8A4FE-EA45-4D04-8AE3-93DB6A1859DB} = {310B516C-E483-41EF-9166-50BEFEB247DB}
	EndGlobalSection
EndGlobal
